Microsoft Visual Studio Solution File, Format Version 12.00
# Visual Studio Version 17
VisualStudioVersion = 17.14.36930.0
MinimumVisualStudioVersion = 10.0.40219.1
Project("{FAE04EC0-301F-11D3-BF4B-00C04F79EFBC}") = "Jellyfin.Plugin.TorrServer", "Jellyfin.Plugin.TorrServer\Jellyfin.Plugin.TorrServer.csproj", "{D921B930-CF91-406F-ACBC-08914DCD0D34}"
EndProject
Project("{FAE04EC0-301F-11D3-BF4B-00C04F79EFBC}") = "Jellyfin.Plugin.TorrServer.Tests", "Jellyfin.Plugin.TorrServer.Tests\Jellyfin.Plugin.TorrServer.Tests.csproj", "{B03C771D-4411-46A8-888E-7DB905FD50D7}"
EndProject
Project("{911E67C6-3D85-4FCE-B560-20A9C3E3FF48}") = "jellyfin", "..\..\Program Files\Jellyfin\Server\jellyfin.exe", "{33666876-19B8-CA8A-239F-1436C814A67C}"
	ProjectSection(DebuggerProjectSystem) = preProject
		PortSupplier = 00000000-0000-0000-0000-000000000000
		Executable = C:\Program Files\Jellyfin\Server\jellyfin.exe
		RemoteMachine = SNARK
		StartingDirectory = C:\Program Files\Jellyfin\Server
		Environment = Default
		LaunchingEngine = e55ccc87-77c9-4222-8310-09f38e24c40f
		UseLegacyDebugEngines = No
		LaunchSQLEngine = No
		AttachLaunchAction = No
		IORedirection = Auto
	EndProjectSection
EndProject
Project("{2150E333-8FDC-42A3-9474-1A3956D46DE8}") = "misc", "misc", "{02EA681E-C7D8-13C7-8484-4AC65E1B71E8}"
	ProjectSection(SolutionItems) = preProject
		build.yaml = build.yaml
		Directory.Build.props = Directory.Build.props
		LICENSE = LICENSE
		README.md = README.md
	EndProjectSection
EndProject
Global
	GlobalSection(SolutionConfigurationPlatforms) = preSolution
		Debug|Any CPU = Debug|Any CPU
		Debug|x64 = Debug|x64
		Debug|x86 = Debug|x86
		Release|Any CPU = Release|Any CPU
		Release|x64 = Release|x64
		Release|x86 = Release|x86
	EndGlobalSection
	GlobalSection(ProjectConfigurationPlatforms) = postSolution
		{D921B930-CF91-406F-ACBC-08914DCD0D34}.Debug|Any CPU.ActiveCfg = Debug|Any CPU
		{D921B930-CF91-406F-ACBC-08914DCD0D34}.Debug|Any CPU.Build.0 = Debug|Any CPU
		{D921B930-CF91-406F-ACBC-08914DCD0D34}.Debug|x64.ActiveCfg = Debug|Any CPU
		{D921B930-CF91-406F-ACBC-08914DCD0D34}.Debug|x64.Build.0 = Debug|Any CPU
		{D921B930-CF91-406F-ACBC-08914DCD0D34}.Debug|x86.ActiveCfg = Debug|Any CPU
		{D921B930-CF91-406F-ACBC-08914DCD0D34}.Debug|x86.Build.0 = Debug|Any CPU
		{D921B930-CF91-406F-ACBC-08914DCD0D34}.Release|Any CPU.ActiveCfg = Release|Any CPU
		{D921B930-CF91-406F-ACBC-08914DCD0D34}.Release|Any CPU.Build.0 = Release|Any CPU
		{D921B930-CF91-406F-ACBC-08914DCD0D34}.Release|x64.ActiveCfg = Release|Any CPU
		{D921B930-CF91-406F-ACBC-08914DCD0D34}.Release|x64.Build.0 = Release|Any CPU
		{D921B930-CF91-406F-ACBC-08914DCD0D34}.Release|x86.ActiveCfg = Release|Any CPU
		{D921B930-CF91-406F-ACBC-08914DCD0D34}.Release|x86.Build.0 = Release|Any CPU
		{B03C771D-4411-46A8-888E-7DB905FD50D7}.Debug|Any CPU.ActiveCfg = Debug|Any CPU
		{B03C771D-4411-46A8-888E-7DB905FD50D7}.Debug|Any CPU.Build.0 = Debug|Any CPU
		{B03C771D-4411-46A8-888E-7DB905FD50D7}.Debug|x64.ActiveCfg = Debug|Any CPU
		{B03C771D-4411-46A8-888E-7DB905FD50D7}.Debug|x64.Build.0 = Debug|Any CPU
		{B03C771D-4411-46A8-888E-7DB905FD50D7}.Debug|x86.ActiveCfg = Debug|Any CPU
		{B03C771D-4411-46A8-888E-7DB905FD50D7}.Debug|x86.Build.0 = Debug|Any CPU
		{B03C771D-4411-46A8-888E-7DB905FD50D7}.Release|Any CPU.ActiveCfg = Release|Any CPU
		{B03C771D-4411-46A8-888E-7DB905FD50D7}.Release|Any CPU.Build.0 = Release|Any CPU
		{B03C771D-4411-46A8-888E-7DB905FD50D7}.Release|x64.ActiveCfg = Release|Any CPU
		{B03C771D-4411-46A8-888E-7DB905FD50D7}.Release|x64.Build.0 = Release|Any CPU
		{B03C771D-4411-46A8-888E-7DB905FD50D7}.Release|x86.ActiveCfg = Release|Any CPU
		{B03C771D-4411-46A8-888E-7DB905FD50D7}.Release|x86.Build.0 = Release|Any CPU
		{33666876-19B8-CA8A-239F-1436C814A67C}.Debug|Any CPU.ActiveCfg = Release|x64
		{33666876-19B8-CA8A-239F-1436C814A67C}.Debug|x64.ActiveCfg = Release|x64
		{33666876-19B8-CA8A-239F-1436C814A67C}.Debug|x86.ActiveCfg = Release|x64
		{33666876-19B8-CA8A-239F-1436C814A67C}.Release|Any CPU.ActiveCfg = Release|x64
		{33666876-19B8-CA8A-239F-1436C814A67C}.Release|x64.ActiveCfg = Release|x64
		{33666876-19B8-CA8A-239F-1436C814A67C}.Release|x86.ActiveCfg = Release|x64
	EndGlobalSection
	GlobalSection(SolutionProperties) = preSolution
		HideSolutionNode = FALSE
	EndGlobalSection
	GlobalSection(ExtensibilityGlobals) = postSolution
		SolutionGuid = {883BB01A-E760-4402-B549-5E81D8B54A0F}
	EndGlobalSection
EndGlobal
